
Microsoft Visual Studio Solution File, Format Version 12.00
# Visual Studio 14
VisualStudioVersion = 14.0.23107.0
MinimumVisualStudioVersion = 10.0.40219.1
Project("{FAE04EC0-301F-11D3-BF4B-00C04F79EFBC}") = "zad6", "iolab2\zad6.csproj", "{0DDCA165-15D6-433B-8880-053BEABCF531}"
EndProject
Project("{FAE04EC0-301F-11D3-BF4B-00C04F79EFBC}") = "zad8", "zad8\zad8.csproj", "{93952AC5-C4F0-45BB-A45D-E0B3A1A8A86F}"
EndProject
Project("{FAE04EC0-301F-11D3-BF4B-00C04F79EFBC}") = "zad7", "zad7\zad7.csproj", "{7320C8FB-A03A-48A8-80B4-DB9E106E68C2}"
EndProject
Global
	GlobalSection(SolutionConfigurationPlatforms) = preSolution
		Debug|Any CPU = Debug|Any CPU
		Release|Any CPU = Release|Any CPU
	EndGlobalSection
	GlobalSection(ProjectConfigurationPlatforms) = postSolution
		{0DDCA165-15D6-433B-8880-053BEABCF531}.Debug|Any CPU.ActiveCfg = Debug|Any CPU
		{0DDCA165-15D6-433B-8880-053BEABCF531}.Debug|Any CPU.Build.0 = Debug|Any CPU
		{0DDCA165-15D6-433B-8880-053BEABCF531}.Release|Any CPU.ActiveCfg = Release|Any CPU
		{0DDCA165-15D6-433B-8880-053BEABCF531}.Release|Any CPU.Build.0 = Release|Any CPU
		{93952AC5-C4F0-45BB-A45D-E0B3A1A8A86F}.Debug|Any CPU.ActiveCfg = Debug|Any CPU
		{93952AC5-C4F0-45BB-A45D-E0B3A1A8A86F}.Debug|Any CPU.Build.0 = Debug|Any CPU
		{93952AC5-C4F0-45BB-A45D-E0B3A1A8A86F}.Release|Any CPU.ActiveCfg = Release|Any CPU
		{93952AC5-C4F0-45BB-A45D-E0B3A1A8A86F}.Release|Any CPU.Build.0 = Release|Any CPU
		{7320C8FB-A03A-48A8-80B4-DB9E106E68C2}.Debug|Any CPU.ActiveCfg = Debug|Any CPU
		{7320C8FB-A03A-48A8-80B4-DB9E106E68C2}.Debug|Any CPU.Build.0 = Debug|Any CPU
		{7320C8FB-A03A-48A8-80B4-DB9E106E68C2}.Release|Any CPU.ActiveCfg = Release|Any CPU
		{7320C8FB-A03A-48A8-80B4-DB9E106E68C2}.Release|Any CPU.Build.0 = Release|Any CPU
	EndGlobalSection
	GlobalSection(SolutionProperties) = preSolution
		HideSolutionNode = FALSE
	EndGlobalSection
	GlobalSection(ExtensibilityGlobals) = postSolution
		SolutionGuid = {50373832-7955-4980-B6F0-C16A2B954536}
	EndGlobalSection
EndGlobal
